// !$*UTF8*$!
{
	archiveVersion = 1;
	classes = {
	};
	objectVersion = 56;
	objects = {

/* Begin PBXBuildFile section */
		378B4FD22C59E86000C6689B /* AppDelegate.swift in Sources */ = {isa = PBXBuildFile; fileRef = 378B4FD12C59E86000C6689B /* AppDelegate.swift */; };
		378B4FD42C59E86000C6689B /* SceneDelegate.swift in Sources */ = {isa = PBXBuildFile; fileRef = 378B4FD32C59E86000C6689B /* SceneDelegate.swift */; };
		378B4FD62C59E86000C6689B /* ViewController.swift in Sources */ = {isa = PBXBuildFile; fileRef = 378B4FD52C59E86000C6689B /* ViewController.swift */; };
		378B4FD92C59E86000C6689B /* Base in Resources */ = {isa = PBXBuildFile; fileRef = 378B4FD82C59E86000C6689B /* Base */; };
		378B4FDB2C59E86000C6689B /* Assets.xcassets in Resources */ = {isa = PBXBuildFile; fileRef = 378B4FDA2C59E86000C6689B /* Assets.xcassets */; };
		378B4FDE2C59E86000C6689B /* Base in Resources */ = {isa = PBXBuildFile; fileRef = 378B4FDD2C59E86000C6689B /* Base */; };
		378B4FE72C59EC3800C6689B /* imgCell.swift in Sources */ = {isa = PBXBuildFile; fileRef = 378B4FE62C59EC3800C6689B /* imgCell.swift */; };
		378B4FEA2C5A0BA900C6689B /* extensionHelpers.swift in Sources */ = {isa = PBXBuildFile; fileRef = 378B4FE92C5A0BA900C6689B /* extensionHelpers.swift */; };
		378B4FEC2C5A103100C6689B /* fruitTableViewCell.swift in Sources */ = {isa = PBXBuildFile; fileRef = 378B4FEB2C5A103100C6689B /* fruitTableViewCell.swift */; };
		37E1BD7D2C5A139500AEA101 /* models.swift in Sources */ = {isa = PBXBuildFile; fileRef = 37E1BD7C2C5A139500AEA101 /* models.swift */; };
		37E1BD7F2C5A414300AEA101 /* BottomSheetViewController.swift in Sources */ = {isa = PBXBuildFile; fileRef = 37E1BD7E2C5A414300AEA101 /* BottomSheetViewController.swift */; };
/* End PBXBuildFile section */

/* Begin PBXFileReference section */
		378B4FCE2C59E86000C6689B /* iOS_Test.app */ = {isa = PBXFileReference; explicitFileType = wrapper.application; includeInIndex = 0; path = iOS_Test.app; sourceTree = BUILT_PRODUCTS_DIR; };
		378B4FD12C59E86000C6689B /* AppDelegate.swift */ = {isa = PBXFileReference; lastKnownFileType = sourcecode.swift; path = AppDelegate.swift; sourceTree = "<group>"; };
		378B4FD32C59E86000C6689B /* SceneDelegate.swift */ = {isa = PBXFileReference; lastKnownFileType = sourcecode.swift; path = SceneDelegate.swift; sourceTree = "<group>"; };
		378B4FD52C59E86000C6689B /* ViewController.swift */ = {isa = PBXFileReference; lastKnownFileType = sourcecode.swift; path = ViewController.swift; sourceTree = "<group>"; };
		378B4FD82C59E86000C6689B /* Base */ = {isa = PBXFileReference; lastKnownFileType = file.storyboard; name = Base; path = Base.lproj/Main.storyboard; sourceTree = "<group>"; };
		378B4FDA2C59E86000C6689B /* Assets.xcassets */ = {isa = PBXFileReference; lastKnownFileType = folder.assetcatalog; path = Assets.xcassets; sourceTree = "<group>"; };
		378B4FDD2C59E86000C6689B /* Base */ = {isa = PBXFileReference; lastKnownFileType = file.storyboard; name = Base; path = Base.lproj/LaunchScreen.storyboard; sourceTree = "<group>"; };
		378B4FDF2C59E86000C6689B /* Info.plist */ = {isa = PBXFileReference; lastKnownFileType = text.plist.xml; path = Info.plist; sourceTree = "<group>"; };
		378B4FE62C59EC3800C6689B /* imgCell.swift */ = {isa = PBXFileReference; lastKnownFileType = sourcecode.swift; path = imgCell.swift; sourceTree = "<group>"; };
		378B4FE92C5A0BA900C6689B /* extensionHelpers.swift */ = {isa = PBXFileReference; lastKnownFileType = sourcecode.swift; path = extensionHelpers.swift; sourceTree = "<group>"; };
		378B4FEB2C5A103100C6689B /* fruitTableViewCell.swift */ = {isa = PBXFileReference; lastKnownFileType = sourcecode.swift; path = fruitTableViewCell.swift; sourceTree = "<group>"; };
		37E1BD7C2C5A139500AEA101 /* models.swift */ = {isa = PBXFileReference; lastKnownFileType = sourcecode.swift; path = models.swift; sourceTree = "<group>"; };
		37E1BD7E2C5A414300AEA101 /* BottomSheetViewController.swift */ = {isa = PBXFileReference; lastKnownFileType = sourcecode.swift; path = BottomSheetViewController.swift; sourceTree = "<group>"; };
/* End PBXFileReference section */

/* Begin PBXFrameworksBuildPhase section */
		378B4FCB2C59E86000C6689B /* Frameworks */ = {
			isa = PBXFrameworksBuildPhase;
			buildActionMask = 2147483647;
			files = (
			);
			runOnlyForDeploymentPostprocessing = 0;
		};
/* End PBXFrameworksBuildPhase section */

/* Begin PBXGroup section */
		378B4FC52C59E85F00C6689B = {
			isa = PBXGroup;
			children = (
				378B4FD02C59E86000C6689B /* iOS_Test */,
				378B4FCF2C59E86000C6689B /* Products */,
			);
			sourceTree = "<group>";
		};
		378B4FCF2C59E86000C6689B /* Products */ = {
			isa = PBXGroup;
			children = (
				378B4FCE2C59E86000C6689B /* iOS_Test.app */,
			);
			name = Products;
			sourceTree = "<group>";
		};
		378B4FD02C59E86000C6689B /* iOS_Test */ = {
			isa = PBXGroup;
			children = (
				37E1BD7B2C5A136A00AEA101 /* Model */,
				378B4FE82C5A0B6500C6689B /* Helpers */,
				378B4FE52C59EC1200C6689B /* Views */,
				378B4FD12C59E86000C6689B /* AppDelegate.swift */,
				378B4FD32C59E86000C6689B /* SceneDelegate.swift */,
				378B4FD52C59E86000C6689B /* ViewController.swift */,
				378B4FD72C59E86000C6689B /* Main.storyboard */,
				378B4FDA2C59E86000C6689B /* Assets.xcassets */,
				378B4FDC2C59E86000C6689B /* LaunchScreen.storyboard */,
				378B4FDF2C59E86000C6689B /* Info.plist */,
			);
			path = iOS_Test;
			sourceTree = "<group>";
		};
		378B4FE52C59EC1200C6689B /* Views */ = {
			isa = PBXGroup;
			children = (
				378B4FE62C59EC3800C6689B /* imgCell.swift */,
				378B4FEB2C5A103100C6689B /* fruitTableViewCell.swift */,
				37E1BD7E2C5A414300AEA101 /* BottomSheetViewController.swift */,
			);
			path = Views;
			sourceTree = "<group>";
		};
		378B4FE82C5A0B6500C6689B /* Helpers */ = {
			isa = PBXGroup;
			children = (
				378B4FE92C5A0BA900C6689B /* extensionHelpers.swift */,
			);
			path = Helpers;
			sourceTree = "<group>";
		};
		37E1BD7B2C5A136A00AEA101 /* Model */ = {
			isa = PBXGroup;
			children = (
				37E1BD7C2C5A139500AEA101 /* models.swift */,
			);
			path = Model;
			sourceTree = "<group>";
		};
/* End PBXGroup section */

/* Begin PBXNativeTarget section */
		378B4FCD2C59E86000C6689B /* iOS_Test */ = {
			isa = PBXNativeTarget;
			buildConfigurationList = 378B4FE22C59E86000C6689B /* Build configuration list for PBXNativeTarget "iOS_Test" */;
			buildPhases = (
				378B4FCA2C59E86000C6689B /* Sources */,
				378B4FCB2C59E86000C6689B /* Frameworks */,
				378B4FCC2C59E86000C6689B /* Resources */,
			);
			buildRules = (
			);
			dependencies = (
			);
			name = iOS_Test;
			productName = iOS_Test;
			productReference = 378B4FCE2C59E86000C6689B /* iOS_Test.app */;
			productType = "com.apple.product-type.application";
		};
/* End PBXNativeTarget section */

/* Begin PBXProject section */
		378B4FC62C59E85F00C6689B /* Project object */ = {
			isa = PBXProject;
			attributes = {
				BuildIndependentTargetsInParallel = 1;
				LastSwiftUpdateCheck = 1540;
				LastUpgradeCheck = 1540;
				TargetAttributes = {
					378B4FCD2C59E86000C6689B = {
						CreatedOnToolsVersion = 15.4;
					};
				};
			};
			buildConfigurationList = 378B4FC92C59E86000C6689B /* Build configuration list for PBXProject "iOS_Test" */;
			compatibilityVersion = "Xcode 14.0";
			developmentRegion = en;
			hasScannedForEncodings = 0;
			knownRegions = (
				en,
				Base,
			);
			mainGroup = 378B4FC52C59E85F00C6689B;
			productRefGroup = 378B4FCF2C59E86000C6689B /* Products */;
			projectDirPath = "";
			projectRoot = "";
			targets = (
				378B4FCD2C59E86000C6689B /* iOS_Test */,
			);
		};
/* End PBXProject section */

/* Begin PBXResourcesBuildPhase section */
		378B4FCC2C59E86000C6689B /* Resources */ = {
			isa = PBXResourcesBuildPhase;
			buildActionMask = 2147483647;
			files = (
				378B4FDB2C59E86000C6689B /* Assets.xcassets in Resources */,
				378B4FDE2C59E86000C6689B /* Base in Resources */,
				378B4FD92C59E86000C6689B /* Base in Resources */,
			);
			runOnlyForDeploymentPostprocessing = 0;
		};
/* End PBXResourcesBuildPhase section */

/* Begin PBXSourcesBuildPhase section */
		378B4FCA2C59E86000C6689B /* Sources */ = {
			isa = PBXSourcesBuildPhase;
			buildActionMask = 2147483647;
			files = (
				37E1BD7D2C5A139500AEA101 /* models.swift in Sources */,
				378B4FEC2C5A103100C6689B /* fruitTableViewCell.swift in Sources */,
				378B4FD62C59E86000C6689B /* ViewController.swift in Sources */,
				378B4FE72C59EC3800C6689B /* imgCell.swift in Sources */,
				378B4FEA2C5A0BA900C6689B /* extensionHelpers.swift in Sources */,
				378B4FD22C59E86000C6689B /* AppDelegate.swift in Sources */,
				378B4FD42C59E86000C6689B /* SceneDelegate.swift in Sources */,
				37E1BD7F2C5A414300AEA101 /* BottomSheetViewController.swift in Sources */,
			);
			runOnlyForDeploymentPostprocessing = 0;
		};
/* End PBXSourcesBuildPhase section */

/* Begin PBXVariantGroup section */
		378B4FD72C59E86000C6689B /* Main.storyboard */ = {
			isa = PBXVariantGroup;
			children = (
				378B4FD82C59E86000C6689B /* Base */,
			);
			name = Main.storyboard;
			sourceTree = "<group>";
		};
		378B4FDC2C59E86000C6689B /* LaunchScreen.storyboard */ = {
			isa = PBXVariantGroup;
			children = (
				378B4FDD2C59E86000C6689B /* Base */,
			);
			name = LaunchScreen.storyboard;
			sourceTree = "<group>";
		};
/* End PBXVariantGroup section */

/* Begin XCBuildConfiguration section */
		378B4FE02C59E86000C6689B /* Debug */ = {
			isa = XCBuildConfiguration;
			buildSettings = {
				ALWAYS_SEARCH_USER_PATHS = NO;
				ASSETCATALOG_COMPILER_GENERATE_SWIFT_ASSET_SYMBOL_EXTENSIONS = YES;
				CLANG_ANALYZER_NONNULL = YES;
				CLANG_ANALYZER_NUMBER_OBJECT_CONVERSION = YES_AGGRESSIVE;
				CLANG_CXX_LANGUAGE_STANDARD = "gnu++20";
				CLANG_ENABLE_MODULES = YES;
				CLANG_ENABLE_OBJC_ARC = YES;
				CLANG_ENABLE_OBJC_WEAK = YES;
				CLANG_WARN_BLOCK_CAPTURE_AUTORELEASING = YES;
				CLANG_WARN_BOOL_CONVERSION = YES;
				CLANG_WARN_COMMA = YES;
				CLANG_WARN_CONSTANT_CONVERSION = YES;
				CLANG_WARN_DEPRECATED_OBJC_IMPLEMENTATIONS = YES;
				CLANG_WARN_DIRECT_OBJC_ISA_USAGE = YES_ERROR;
				CLANG_WARN_DOCUMENTATION_COMMENTS = YES;
				CLANG_WARN_EMPTY_BODY = YES;
				CLANG_WARN_ENUM_CONVERSION = YES;
				CLANG_WARN_INFINITE_RECURSION = YES;
				CLANG_WARN_INT_CONVERSION = YES;
				CLANG_WARN_NON_LITERAL_NULL_CONVERSION = YES;
				CLANG_WARN_OBJC_IMPLICIT_RETAIN_SELF = YES;
				CLANG_WARN_OBJC_LITERAL_CONVERSION = YES;
				CLANG_WARN_OBJC_ROOT_CLASS = YES_ERROR;
				CLANG_WARN_QUOTED_INCLUDE_IN_FRAMEWORK_HEADER = YES;
				CLANG_WARN_RANGE_LOOP_ANALYSIS = YES;
				CLANG_WARN_STRICT_PROTOTYPES = YES;
				CLANG_WARN_SUSPICIOUS_MOVE = YES;
				CLANG_WARN_UNGUARDED_AVAILABILITY = YES_AGGRESSIVE;
				CLANG_WARN_UNREACHABLE_CODE = YES;
				CLANG_WARN__DUPLICATE_METHOD_MATCH = YES;
				COPY_PHASE_STRIP = NO;
				DEBUG_INFORMATION_FORMAT = dwarf;
				ENABLE_STRICT_OBJC_MSGSEND = YES;
				ENABLE_TESTABILITY = YES;
				ENABLE_USER_SCRIPT_SANDBOXING = YES;
				GCC_C_LANGUAGE_STANDARD = gnu17;
				GCC_DYNAMIC_NO_PIC = NO;
				GCC_NO_COMMON_BLOCKS = YES;
				GCC_OPTIMIZATION_LEVEL = 0;
				GCC_PREPROCESSOR_DEFINITIONS = (
					"DEBUG=1",
					"$(inherited)",
				);
				GCC_WARN_64_TO_32_BIT_CONVERSION = YES;
				GCC_WARN_ABOUT_RETURN_TYPE = YES_ERROR;
				GCC_WARN_UNDECLARED_SELECTOR = YES;
				GCC_WARN_UNINITIALIZED_AUTOS = YES_AGGRESSIVE;
				GCC_WARN_UNUSED_FUNCTION = YES;
				GCC_WARN_UNUSED_VARIABLE = YES;
				IPHONEOS_DEPLOYMENT_TARGET = 17.5;
				LOCALIZATION_PREFERS_STRING_CATALOGS = YES;
				MTL_ENABLE_DEBUG_INFO = INCLUDE_SOURCE;
				MTL_FAST_MATH = YES;
				ONLY_ACTIVE_ARCH = YES;
				SDKROOT = iphoneos;
				SWIFT_ACTIVE_COMPILATION_CONDITIONS = "DEBUG $(inherited)";
				SWIFT_OPTIMIZATION_LEVEL = "-Onone";
			};
			name = Debug;
		};
		378B4FE12C59E86000C6689B /* Release */ = {
			isa = XCBuildConfiguration;
			buildSettings = {
				ALWAYS_SEARCH_USER_PATHS = NO;
				ASSETCATALOG_COMPILER_GENERATE_SWIFT_ASSET_SYMBOL_EXTENSIONS = YES;
				CLANG_ANALYZER_NONNULL = YES;
				CLANG_ANALYZER_NUMBER_OBJECT_CONVERSION = YES_AGGRESSIVE;
				CLANG_CXX_LANGUAGE_STANDARD = "gnu++20";
				CLANG_ENABLE_MODULES = YES;
				CLANG_ENABLE_OBJC_ARC = YES;
				CLANG_ENABLE_OBJC_WEAK = YES;
				CLANG_WARN_BLOCK_CAPTURE_AUTORELEASING = YES;
				CLANG_WARN_BOOL_CONVERSION = YES;
				CLANG_WARN_COMMA = YES;
				CLANG_WARN_CONSTANT_CONVERSION = YES;
				CLANG_WARN_DEPRECATED_OBJC_IMPLEMENTATIONS = YES;
				CLANG_WARN_DIRECT_OBJC_ISA_USAGE = YES_ERROR;
				CLANG_WARN_DOCUMENTATION_COMMENTS = YES;
				CLANG_WARN_EMPTY_BODY = YES;
				CLANG_WARN_ENUM_CONVERSION = YES;
				CLANG_WARN_INFINITE_RECURSION = YES;
				CLANG_WARN_INT_CONVERSION = YES;
				CLANG_WARN_NON_LITERAL_NULL_CONVERSION = YES;
				CLANG_WARN_OBJC_IMPLICIT_RETAIN_SELF = YES;
				CLANG_WARN_OBJC_LITERAL_CONVERSION = YES;
				CLANG_WARN_OBJC_ROOT_CLASS = YES_ERROR;
				CLANG_WARN_QUOTED_INCLUDE_IN_FRAMEWORK_HEADER = YES;
				CLANG_WARN_RANGE_LOOP_ANALYSIS = YES;
				CLANG_WARN_STRICT_PROTOTYPES = YES;
				CLANG_WARN_SUSPICIOUS_MOVE = YES;
				CLANG_WARN_UNGUARDED_AVAILABILITY = YES_AGGRESSIVE;
				CLANG_WARN_UNREACHABLE_CODE = YES;
				CLANG_WARN__DUPLICATE_METHOD_MATCH = YES;
				COPY_PHASE_STRIP = NO;
				DEBUG_INFORMATION_FORMAT = "dwarf-with-dsym";
				ENABLE_NS_ASSERTIONS = NO;
				ENABLE_STRICT_OBJC_MSGSEND = YES;
				ENABLE_USER_SCRIPT_SANDBOXING = YES;
				GCC_C_LANGUAGE_STANDARD = gnu17;
				GCC_NO_COMMON_BLOCKS = YES;
				GCC_WARN_64_TO_32_BIT_CONVERSION = YES;
				GCC_WARN_ABOUT_RETURN_TYPE = YES_ERROR;
				GCC_WARN_UNDECLARED_SELECTOR = YES;
				GCC_WARN_UNINITIALIZED_AUTOS = YES_AGGRESSIVE;
				GCC_WARN_UNUSED_FUNCTION = YES;
				GCC_WARN_UNUSED_VARIABLE = YES;
				IPHONEOS_DEPLOYMENT_TARGET = 17.5;
				LOCALIZATION_PREFERS_STRING_CATALOGS = YES;
				MTL_ENABLE_DEBUG_INFO = NO;
				MTL_FAST_MATH = YES;
				SDKROOT = iphoneos;
				SWIFT_COMPILATION_MODE = wholemodule;
				VALIDATE_PRODUCT = YES;
			};
			name = Release;
		};
		378B4FE32C59E86000C6689B /* Debug */ = {
			isa = XCBuildConfiguration;
			buildSettings = {
				ASSETCATALOG_COMPILER_APPICON_NAME = AppIcon;
				ASSETCATALOG_COMPILER_GLOBAL_ACCENT_COLOR_NAME = AccentColor;
				CODE_SIGN_STYLE = Automatic;
				CURRENT_PROJECT_VERSION = 1;
				DEVELOPMENT_TEAM = ZGKKSZ3AFP;
				GENERATE_INFOPLIST_FILE = YES;
				INFOPLIST_FILE = iOS_Test/Info.plist;
				INFOPLIST_KEY_UIApplicationSupportsIndirectInputEvents = YES;
				INFOPLIST_KEY_UILaunchStoryboardName = LaunchScreen;
				INFOPLIST_KEY_UIMainStoryboardFile = Main;
				INFOPLIST_KEY_UISupportedInterfaceOrientations_iPad = "UIInterfaceOrientationPortrait UIInterfaceOrientationPortraitUpsideDown UIInterfaceOrientationLandscapeLeft UIInterfaceOrientationLandscapeRight";
				INFOPLIST_KEY_UISupportedInterfaceOrientations_iPhone = "UIInterfaceOrientationPortrait UIInterfaceOrientationLandscapeLeft UIInterfaceOrientationLandscapeRight";
				IPHONEOS_DEPLOYMENT_TARGET = 15.0;
				LD_RUNPATH_SEARCH_PATHS = (
					"$(inherited)",
					"@executable_path/Frameworks",
				);
				MARKETING_VERSION = 1.0;
				PRODUCT_BUNDLE_IDENTIFIER = "com.test.com.iOS-Test";
				PRODUCT_NAME = "$(TARGET_NAME)";
				SWIFT_EMIT_LOC_STRINGS = YES;
				SWIFT_VERSION = 5.0;
				TARGETED_DEVICE_FAMILY = "1,2";
			};
			name = Debug;
		};
		378B4FE42C59E86000C6689B /* Release */ = {
			isa = XCBuildConfiguration;
			buildSettings = {
				ASSETCATALOG_COMPILER_APPICON_NAME = AppIcon;
				ASSETCATALOG_COMPILER_GLOBAL_ACCENT_COLOR_NAME = AccentColor;
				CODE_SIGN_STYLE = Automatic;
				CURRENT_PROJECT_VERSION = 1;
				DEVELOPMENT_TEAM = ZGKKSZ3AFP;
				GENERATE_INFOPLIST_FILE = YES;
				INFOPLIST_FILE = iOS_Test/Info.plist;
				INFOPLIST_KEY_UIApplicationSupportsIndirectInputEvents = YES;
				INFOPLIST_KEY_UILaunchStoryboardName = LaunchScreen;
				INFOPLIST_KEY_UIMainStoryboardFile = Main;
				INFOPLIST_KEY_UISupportedInterfaceOrientations_iPad = "UIInterfaceOrientationPortrait UIInterfaceOrientationPortraitUpsideDown UIInterfaceOrientationLandscapeLeft UIInterfaceOrientationLandscapeRight";
				INFOPLIST_KEY_UISupportedInterfaceOrientations_iPhone = "UIInterfaceOrientationPortrait UIInterfaceOrientationLandscapeLeft UIInterfaceOrientationLandscapeRight";
				IPHONEOS_DEPLOYMENT_TARGET = 15.0;
				LD_RUNPATH_SEARCH_PATHS = (
					"$(inherited)",
					"@executable_path/Frameworks",
				);
				MARKETING_VERSION = 1.0;
				PRODUCT_BUNDLE_IDENTIFIER = "com.test.com.iOS-Test";
				PRODUCT_NAME = "$(TARGET_NAME)";
				SWIFT_EMIT_LOC_STRINGS = YES;
				SWIFT_VERSION = 5.0;
				TARGETED_DEVICE_FAMILY = "1,2";
			};
			name = Release;
		};
/* End XCBuildConfiguration section */

/* Begin XCConfigurationList section */
		378B4FC92C59E86000C6689B /* Build configuration list for PBXProject "iOS_Test" */ = {
			isa = XCConfigurationList;
			buildConfigurations = (
				378B4FE02C59E86000C6689B /* Debug */,
				378B4FE12C59E86000C6689B /* Release */,
			);
			defaultConfigurationIsVisible = 0;
			defaultConfigurationName = Release;
		};
		378B4FE22C59E86000C6689B /* Build configuration list for PBXNativeTarget "iOS_Test" */ = {
			isa = XCConfigurationList;
			buildConfigurations = (
				378B4FE32C59E86000C6689B /* Debug */,
				378B4FE42C59E86000C6689B /* Release */,
			);
			defaultConfigurationIsVisible = 0;
			defaultConfigurationName = Release;
		};
/* End XCConfigurationList section */
	};
	rootObject = 378B4FC62C59E85F00C6689B /* Project object */;
}
